
Microsoft Visual Studio Solution File, Format Version 12.00
# Visual Studio 15
VisualStudioVersion = 15.0.26730.16
MinimumVisualStudioVersion = 10.0.40219.1
Project("{2150E333-8FDC-42A3-9474-1A3956D46DE8}") = "Solution Items", "Solution Items", "{D1D23CCD-C556-480A-8817-6FD58817A0C8}"
	ProjectSection(SolutionItems) = preProject
		build.cmd = build.cmd
		build.fsx = build.fsx
		build.ps1 = build.ps1
		src\CommonAssemblyInfo.cs = src\CommonAssemblyInfo.cs
		src\CommonAssemblyVersion.cs = src\CommonAssemblyVersion.cs
		LICENSE = LICENSE
		NugetPack.cmd = NugetPack.cmd
		NugetPush.cmd = NugetPush.cmd
		paket.dependencies = paket.dependencies
		paket.lock = paket.lock
		README.md = README.md
		RELEASE_NOTES.md = RELEASE_NOTES.md
		Simple.OData.Client.nuspec = Simple.OData.Client.nuspec
		Simple.OData.V3.Client.nuspec = Simple.OData.V3.Client.nuspec
		Simple.OData.V4.Client.nuspec = Simple.OData.V4.Client.nuspec
	EndProjectSection
EndProject
Project("{2150E333-8FDC-42A3-9474-1A3956D46DE8}") = "Tests", "Tests", "{78D04AF9-B9B4-4025-93C6-B3DB01EDAAE9}"
EndProject
Project("{9A19103F-16F7-4668-BE54-9A1E7A4F7556}") = "Simple.OData.NorthwindModel", "src\Simple.OData.NorthwindModel\Simple.OData.NorthwindModel.csproj", "{2A909E4D-6493-4D36-9FDE-786B89F9A387}"
EndProject
Project("{9A19103F-16F7-4668-BE54-9A1E7A4F7556}") = "Simple.OData.Client.Core", "src\Simple.OData.Client.Core\Simple.OData.Client.Core.csproj", "{361868B8-A63E-4C74-AA87-B70E1AB22313}"
EndProject
Project("{FAE04EC0-301F-11D3-BF4B-00C04F79EFBC}") = "Simple.OData.NorthwindService", "src\Simple.OData.NorthwindService\Simple.OData.NorthwindService.csproj", "{14436AD5-8995-406A-8468-F0B4DE53DFDB}"
EndProject
Project("{FAE04EC0-301F-11D3-BF4B-00C04F79EFBC}") = "Simple.OData.ProductService", "src\Simple.OData.ProductService\Simple.OData.ProductService.csproj", "{276DF698-6E22-4FF2-BAF1-09BCE205CCE5}"
EndProject
Project("{9A19103F-16F7-4668-BE54-9A1E7A4F7556}") = "ActionProviderImplementation", "src\ActionProviderImplementation\ActionProviderImplementation.csproj", "{6BE6677A-761E-4278-9059-233D775FE347}"
EndProject
Project("{9A19103F-16F7-4668-BE54-9A1E7A4F7556}") = "Simple.OData.Client.Benchmarks", "src\Simple.OData.Client.Benchmarks\Simple.OData.Client.Benchmarks.csproj", "{6E44E884-4949-4330-98B8-A919F814123E}"
EndProject
Project("{FAE04EC0-301F-11D3-BF4B-00C04F79EFBC}") = "Simple.Odata.Client.Host", "Simple.Odata.Client.Host\Simple.Odata.Client.Host.csproj", "{6634ED28-919A-46A3-8FD2-E92366FDFA8A}"
EndProject
Global
	GlobalSection(SolutionConfigurationPlatforms) = preSolution
		Ad-Hoc|Any CPU = Ad-Hoc|Any CPU
		Ad-Hoc|ARM = Ad-Hoc|ARM
		Ad-Hoc|iPhone = Ad-Hoc|iPhone
		Ad-Hoc|iPhoneSimulator = Ad-Hoc|iPhoneSimulator
		Ad-Hoc|Mixed Platforms = Ad-Hoc|Mixed Platforms
		Ad-Hoc|x64 = Ad-Hoc|x64
		Ad-Hoc|x86 = Ad-Hoc|x86
		AppStore|Any CPU = AppStore|Any CPU
		AppStore|ARM = AppStore|ARM
		AppStore|iPhone = AppStore|iPhone
		AppStore|iPhoneSimulator = AppStore|iPhoneSimulator
		AppStore|Mixed Platforms = AppStore|Mixed Platforms
		AppStore|x64 = AppStore|x64
		AppStore|x86 = AppStore|x86
		Debug|Any CPU = Debug|Any CPU
		Debug|ARM = Debug|ARM
		Debug|iPhone = Debug|iPhone
		Debug|iPhoneSimulator = Debug|iPhoneSimulator
		Debug|Mixed Platforms = Debug|Mixed Platforms
		Debug|x64 = Debug|x64
		Debug|x86 = Debug|x86
		Release|Any CPU = Release|Any CPU
		Release|ARM = Release|ARM
		Release|iPhone = Release|iPhone
		Release|iPhoneSimulator = Release|iPhoneSimulator
		Release|Mixed Platforms = Release|Mixed Platforms
		Release|x64 = Release|x64
		Release|x86 = Release|x86
	EndGlobalSection
	GlobalSection(ProjectConfigurationPlatforms) = postSolution
		{2A909E4D-6493-4D36-9FDE-786B89F9A387}.Ad-Hoc|Any CPU.ActiveCfg = Release|Any CPU
		{2A909E4D-6493-4D36-9FDE-786B89F9A387}.Ad-Hoc|Any CPU.Build.0 = Release|Any CPU
		{2A909E4D-6493-4D36-9FDE-786B89F9A387}.Ad-Hoc|ARM.ActiveCfg = Release|Any CPU
		{2A909E4D-6493-4D36-9FDE-786B89F9A387}.Ad-Hoc|iPhone.ActiveCfg = Release|Any CPU
		{2A909E4D-6493-4D36-9FDE-786B89F9A387}.Ad-Hoc|iPhoneSimulator.ActiveCfg = Release|Any CPU
		{2A909E4D-6493-4D36-9FDE-786B89F9A387}.Ad-Hoc|Mixed Platforms.ActiveCfg = Release|Any CPU
		{2A909E4D-6493-4D36-9FDE-786B89F9A387}.Ad-Hoc|Mixed Platforms.Build.0 = Release|Any CPU
		{2A909E4D-6493-4D36-9FDE-786B89F9A387}.Ad-Hoc|x64.ActiveCfg = Release|Any CPU
		{2A909E4D-6493-4D36-9FDE-786B89F9A387}.Ad-Hoc|x86.ActiveCfg = Release|Any CPU
		{2A909E4D-6493-4D36-9FDE-786B89F9A387}.AppStore|Any CPU.ActiveCfg = Release|Any CPU
		{2A909E4D-6493-4D36-9FDE-786B89F9A387}.AppStore|Any CPU.Build.0 = Release|Any CPU
		{2A909E4D-6493-4D36-9FDE-786B89F9A387}.AppStore|ARM.ActiveCfg = Release|Any CPU
		{2A909E4D-6493-4D36-9FDE-786B89F9A387}.AppStore|iPhone.ActiveCfg = Release|Any CPU
		{2A909E4D-6493-4D36-9FDE-786B89F9A387}.AppStore|iPhoneSimulator.ActiveCfg = Release|Any CPU
		{2A909E4D-6493-4D36-9FDE-786B89F9A387}.AppStore|Mixed Platforms.ActiveCfg = Release|Any CPU
		{2A909E4D-6493-4D36-9FDE-786B89F9A387}.AppStore|Mixed Platforms.Build.0 = Release|Any CPU
		{2A909E4D-6493-4D36-9FDE-786B89F9A387}.AppStore|x64.ActiveCfg = Release|Any CPU
		{2A909E4D-6493-4D36-9FDE-786B89F9A387}.AppStore|x86.ActiveCfg = Release|Any CPU
		{2A909E4D-6493-4D36-9FDE-786B89F9A387}.Debug|Any CPU.ActiveCfg = Debug|Any CPU
		{2A909E4D-6493-4D36-9FDE-786B89F9A387}.Debug|Any CPU.Build.0 = Debug|Any CPU
		{2A909E4D-6493-4D36-9FDE-786B89F9A387}.Debug|ARM.ActiveCfg = Debug|Any CPU
		{2A909E4D-6493-4D36-9FDE-786B89F9A387}.Debug|iPhone.ActiveCfg = Debug|Any CPU
		{2A909E4D-6493-4D36-9FDE-786B89F9A387}.Debug|iPhoneSimulator.ActiveCfg = Debug|Any CPU
		{2A909E4D-6493-4D36-9FDE-786B89F9A387}.Debug|Mixed Platforms.ActiveCfg = Debug|Any CPU
		{2A909E4D-6493-4D36-9FDE-786B89F9A387}.Debug|Mixed Platforms.Build.0 = Debug|Any CPU
		{2A909E4D-6493-4D36-9FDE-786B89F9A387}.Debug|x64.ActiveCfg = Debug|Any CPU
		{2A909E4D-6493-4D36-9FDE-786B89F9A387}.Debug|x86.ActiveCfg = Debug|Any CPU
		{2A909E4D-6493-4D36-9FDE-786B89F9A387}.Release|Any CPU.ActiveCfg = Release|Any CPU
		{2A909E4D-6493-4D36-9FDE-786B89F9A387}.Release|Any CPU.Build.0 = Release|Any CPU
		{2A909E4D-6493-4D36-9FDE-786B89F9A387}.Release|ARM.ActiveCfg = Release|Any CPU
		{2A909E4D-6493-4D36-9FDE-786B89F9A387}.Release|iPhone.ActiveCfg = Release|Any CPU
		{2A909E4D-6493-4D36-9FDE-786B89F9A387}.Release|iPhoneSimulator.ActiveCfg = Release|Any CPU
		{2A909E4D-6493-4D36-9FDE-786B89F9A387}.Release|Mixed Platforms.ActiveCfg = Release|Any CPU
		{2A909E4D-6493-4D36-9FDE-786B89F9A387}.Release|Mixed Platforms.Build.0 = Release|Any CPU
		{2A909E4D-6493-4D36-9FDE-786B89F9A387}.Release|x64.ActiveCfg = Release|Any CPU
		{2A909E4D-6493-4D36-9FDE-786B89F9A387}.Release|x86.ActiveCfg = Release|Any CPU
		{361868B8-A63E-4C74-AA87-B70E1AB22313}.Ad-Hoc|Any CPU.ActiveCfg = Release|Any CPU
		{361868B8-A63E-4C74-AA87-B70E1AB22313}.Ad-Hoc|Any CPU.Build.0 = Release|Any CPU
		{361868B8-A63E-4C74-AA87-B70E1AB22313}.Ad-Hoc|ARM.ActiveCfg = Release|Any CPU
		{361868B8-A63E-4C74-AA87-B70E1AB22313}.Ad-Hoc|iPhone.ActiveCfg = Release|Any CPU
		{361868B8-A63E-4C74-AA87-B70E1AB22313}.Ad-Hoc|iPhoneSimulator.ActiveCfg = Release|Any CPU
		{361868B8-A63E-4C74-AA87-B70E1AB22313}.Ad-Hoc|Mixed Platforms.ActiveCfg = Release|Any CPU
		{361868B8-A63E-4C74-AA87-B70E1AB22313}.Ad-Hoc|Mixed Platforms.Build.0 = Release|Any CPU
		{361868B8-A63E-4C74-AA87-B70E1AB22313}.Ad-Hoc|x64.ActiveCfg = Release|Any CPU
		{361868B8-A63E-4C74-AA87-B70E1AB22313}.Ad-Hoc|x86.ActiveCfg = Release|Any CPU
		{361868B8-A63E-4C74-AA87-B70E1AB22313}.AppStore|Any CPU.ActiveCfg = Release|Any CPU
		{361868B8-A63E-4C74-AA87-B70E1AB22313}.AppStore|Any CPU.Build.0 = Release|Any CPU
		{361868B8-A63E-4C74-AA87-B70E1AB22313}.AppStore|ARM.ActiveCfg = Release|Any CPU
		{361868B8-A63E-4C74-AA87-B70E1AB22313}.AppStore|iPhone.ActiveCfg = Release|Any CPU
		{361868B8-A63E-4C74-AA87-B70E1AB22313}.AppStore|iPhoneSimulator.ActiveCfg = Release|Any CPU
		{361868B8-A63E-4C74-AA87-B70E1AB22313}.AppStore|Mixed Platforms.ActiveCfg = Release|Any CPU
		{361868B8-A63E-4C74-AA87-B70E1AB22313}.AppStore|Mixed Platforms.Build.0 = Release|Any CPU
		{361868B8-A63E-4C74-AA87-B70E1AB22313}.AppStore|x64.ActiveCfg = Release|Any CPU
		{361868B8-A63E-4C74-AA87-B70E1AB22313}.AppStore|x86.ActiveCfg = Release|Any CPU
		{361868B8-A63E-4C74-AA87-B70E1AB22313}.Debug|Any CPU.ActiveCfg = Debug|Any CPU
		{361868B8-A63E-4C74-AA87-B70E1AB22313}.Debug|Any CPU.Build.0 = Debug|Any CPU
		{361868B8-A63E-4C74-AA87-B70E1AB22313}.Debug|ARM.ActiveCfg = Debug|Any CPU
		{361868B8-A63E-4C74-AA87-B70E1AB22313}.Debug|iPhone.ActiveCfg = Debug|Any CPU
		{361868B8-A63E-4C74-AA87-B70E1AB22313}.Debug|iPhoneSimulator.ActiveCfg = Debug|Any CPU
		{361868B8-A63E-4C74-AA87-B70E1AB22313}.Debug|Mixed Platforms.ActiveCfg = Debug|Any CPU
		{361868B8-A63E-4C74-AA87-B70E1AB22313}.Debug|Mixed Platforms.Build.0 = Debug|Any CPU
		{361868B8-A63E-4C74-AA87-B70E1AB22313}.Debug|x64.ActiveCfg = Debug|Any CPU
		{361868B8-A63E-4C74-AA87-B70E1AB22313}.Debug|x86.ActiveCfg = Debug|Any CPU
		{361868B8-A63E-4C74-AA87-B70E1AB22313}.Release|Any CPU.ActiveCfg = Release|Any CPU
		{361868B8-A63E-4C74-AA87-B70E1AB22313}.Release|Any CPU.Build.0 = Release|Any CPU
		{361868B8-A63E-4C74-AA87-B70E1AB22313}.Release|ARM.ActiveCfg = Release|Any CPU
		{361868B8-A63E-4C74-AA87-B70E1AB22313}.Release|iPhone.ActiveCfg = Release|Any CPU
		{361868B8-A63E-4C74-AA87-B70E1AB22313}.Release|iPhoneSimulator.ActiveCfg = Release|Any CPU
		{361868B8-A63E-4C74-AA87-B70E1AB22313}.Release|Mixed Platforms.ActiveCfg = Release|Any CPU
		{361868B8-A63E-4C74-AA87-B70E1AB22313}.Release|Mixed Platforms.Build.0 = Release|Any CPU
		{361868B8-A63E-4C74-AA87-B70E1AB22313}.Release|x64.ActiveCfg = Release|Any CPU
		{361868B8-A63E-4C74-AA87-B70E1AB22313}.Release|x86.ActiveCfg = Release|Any CPU
		{14436AD5-8995-406A-8468-F0B4DE53DFDB}.Ad-Hoc|Any CPU.ActiveCfg = Release|Any CPU
		{14436AD5-8995-406A-8468-F0B4DE53DFDB}.Ad-Hoc|Any CPU.Build.0 = Release|Any CPU
		{14436AD5-8995-406A-8468-F0B4DE53DFDB}.Ad-Hoc|ARM.ActiveCfg = Release|Any CPU
		{14436AD5-8995-406A-8468-F0B4DE53DFDB}.Ad-Hoc|iPhone.ActiveCfg = Release|Any CPU
		{14436AD5-8995-406A-8468-F0B4DE53DFDB}.Ad-Hoc|iPhoneSimulator.ActiveCfg = Release|Any CPU
		{14436AD5-8995-406A-8468-F0B4DE53DFDB}.Ad-Hoc|Mixed Platforms.ActiveCfg = Release|Any CPU
		{14436AD5-8995-406A-8468-F0B4DE53DFDB}.Ad-Hoc|Mixed Platforms.Build.0 = Release|Any CPU
		{14436AD5-8995-406A-8468-F0B4DE53DFDB}.Ad-Hoc|x64.ActiveCfg = Release|Any CPU
		{14436AD5-8995-406A-8468-F0B4DE53DFDB}.Ad-Hoc|x86.ActiveCfg = Release|Any CPU
		{14436AD5-8995-406A-8468-F0B4DE53DFDB}.AppStore|Any CPU.ActiveCfg = Release|Any CPU
		{14436AD5-8995-406A-8468-F0B4DE53DFDB}.AppStore|Any CPU.Build.0 = Release|Any CPU
		{14436AD5-8995-406A-8468-F0B4DE53DFDB}.AppStore|ARM.ActiveCfg = Release|Any CPU
		{14436AD5-8995-406A-8468-F0B4DE53DFDB}.AppStore|iPhone.ActiveCfg = Release|Any CPU
		{14436AD5-8995-406A-8468-F0B4DE53DFDB}.AppStore|iPhoneSimulator.ActiveCfg = Release|Any CPU
		{14436AD5-8995-406A-8468-F0B4DE53DFDB}.AppStore|Mixed Platforms.ActiveCfg = Release|Any CPU
		{14436AD5-8995-406A-8468-F0B4DE53DFDB}.AppStore|Mixed Platforms.Build.0 = Release|Any CPU
		{14436AD5-8995-406A-8468-F0B4DE53DFDB}.AppStore|x64.ActiveCfg = Release|Any CPU
		{14436AD5-8995-406A-8468-F0B4DE53DFDB}.AppStore|x86.ActiveCfg = Release|Any CPU
		{14436AD5-8995-406A-8468-F0B4DE53DFDB}.Debug|Any CPU.ActiveCfg = Debug|Any CPU
		{14436AD5-8995-406A-8468-F0B4DE53DFDB}.Debug|Any CPU.Build.0 = Debug|Any CPU
		{14436AD5-8995-406A-8468-F0B4DE53DFDB}.Debug|ARM.ActiveCfg = Debug|Any CPU
		{14436AD5-8995-406A-8468-F0B4DE53DFDB}.Debug|iPhone.ActiveCfg = Debug|Any CPU
		{14436AD5-8995-406A-8468-F0B4DE53DFDB}.Debug|iPhoneSimulator.ActiveCfg = Debug|Any CPU
		{14436AD5-8995-406A-8468-F0B4DE53DFDB}.Debug|Mixed Platforms.ActiveCfg = Debug|Any CPU
		{14436AD5-8995-406A-8468-F0B4DE53DFDB}.Debug|Mixed Platforms.Build.0 = Debug|Any CPU
		{14436AD5-8995-406A-8468-F0B4DE53DFDB}.Debug|x64.ActiveCfg = Debug|Any CPU
		{14436AD5-8995-406A-8468-F0B4DE53DFDB}.Debug|x86.ActiveCfg = Debug|Any CPU
		{14436AD5-8995-406A-8468-F0B4DE53DFDB}.Release|Any CPU.ActiveCfg = Release|Any CPU
		{14436AD5-8995-406A-8468-F0B4DE53DFDB}.Release|Any CPU.Build.0 = Release|Any CPU
		{14436AD5-8995-406A-8468-F0B4DE53DFDB}.Release|ARM.ActiveCfg = Release|Any CPU
		{14436AD5-8995-406A-8468-F0B4DE53DFDB}.Release|iPhone.ActiveCfg = Release|Any CPU
		{14436AD5-8995-406A-8468-F0B4DE53DFDB}.Release|iPhoneSimulator.ActiveCfg = Release|Any CPU
		{14436AD5-8995-406A-8468-F0B4DE53DFDB}.Release|Mixed Platforms.ActiveCfg = Release|Any CPU
		{14436AD5-8995-406A-8468-F0B4DE53DFDB}.Release|Mixed Platforms.Build.0 = Release|Any CPU
		{14436AD5-8995-406A-8468-F0B4DE53DFDB}.Release|x64.ActiveCfg = Release|Any CPU
		{14436AD5-8995-406A-8468-F0B4DE53DFDB}.Release|x86.ActiveCfg = Release|Any CPU
		{276DF698-6E22-4FF2-BAF1-09BCE205CCE5}.Ad-Hoc|Any CPU.ActiveCfg = Release|Any CPU
		{276DF698-6E22-4FF2-BAF1-09BCE205CCE5}.Ad-Hoc|Any CPU.Build.0 = Release|Any CPU
		{276DF698-6E22-4FF2-BAF1-09BCE205CCE5}.Ad-Hoc|ARM.ActiveCfg = Release|Any CPU
		{276DF698-6E22-4FF2-BAF1-09BCE205CCE5}.Ad-Hoc|iPhone.ActiveCfg = Release|Any CPU
		{276DF698-6E22-4FF2-BAF1-09BCE205CCE5}.Ad-Hoc|iPhoneSimulator.ActiveCfg = Release|Any CPU
		{276DF698-6E22-4FF2-BAF1-09BCE205CCE5}.Ad-Hoc|Mixed Platforms.ActiveCfg = Release|Any CPU
		{276DF698-6E22-4FF2-BAF1-09BCE205CCE5}.Ad-Hoc|Mixed Platforms.Build.0 = Release|Any CPU
		{276DF698-6E22-4FF2-BAF1-09BCE205CCE5}.Ad-Hoc|x64.ActiveCfg = Release|Any CPU
		{276DF698-6E22-4FF2-BAF1-09BCE205CCE5}.Ad-Hoc|x86.ActiveCfg = Release|Any CPU
		{276DF698-6E22-4FF2-BAF1-09BCE205CCE5}.AppStore|Any CPU.ActiveCfg = Release|Any CPU
		{276DF698-6E22-4FF2-BAF1-09BCE205CCE5}.AppStore|Any CPU.Build.0 = Release|Any CPU
		{276DF698-6E22-4FF2-BAF1-09BCE205CCE5}.AppStore|ARM.ActiveCfg = Release|Any CPU
		{276DF698-6E22-4FF2-BAF1-09BCE205CCE5}.AppStore|iPhone.ActiveCfg = Release|Any CPU
		{276DF698-6E22-4FF2-BAF1-09BCE205CCE5}.AppStore|iPhoneSimulator.ActiveCfg = Release|Any CPU
		{276DF698-6E22-4FF2-BAF1-09BCE205CCE5}.AppStore|Mixed Platforms.ActiveCfg = Release|Any CPU
		{276DF698-6E22-4FF2-BAF1-09BCE205CCE5}.AppStore|Mixed Platforms.Build.0 = Release|Any CPU
		{276DF698-6E22-4FF2-BAF1-09BCE205CCE5}.AppStore|x64.ActiveCfg = Release|Any CPU
		{276DF698-6E22-4FF2-BAF1-09BCE205CCE5}.AppStore|x86.ActiveCfg = Release|Any CPU
		{276DF698-6E22-4FF2-BAF1-09BCE205CCE5}.Debug|Any CPU.ActiveCfg = Debug|Any CPU
		{276DF698-6E22-4FF2-BAF1-09BCE205CCE5}.Debug|Any CPU.Build.0 = Debug|Any CPU
		{276DF698-6E22-4FF2-BAF1-09BCE205CCE5}.Debug|ARM.ActiveCfg = Debug|Any CPU
		{276DF698-6E22-4FF2-BAF1-09BCE205CCE5}.Debug|iPhone.ActiveCfg = Debug|Any CPU
		{276DF698-6E22-4FF2-BAF1-09BCE205CCE5}.Debug|iPhoneSimulator.ActiveCfg = Debug|Any CPU
		{276DF698-6E22-4FF2-BAF1-09BCE205CCE5}.Debug|Mixed Platforms.ActiveCfg = Debug|Any CPU
		{276DF698-6E22-4FF2-BAF1-09BCE205CCE5}.Debug|Mixed Platforms.Build.0 = Debug|Any CPU
		{276DF698-6E22-4FF2-BAF1-09BCE205CCE5}.Debug|x64.ActiveCfg = Debug|Any CPU
		{276DF698-6E22-4FF2-BAF1-09BCE205CCE5}.Debug|x86.ActiveCfg = Debug|Any CPU
		{276DF698-6E22-4FF2-BAF1-09BCE205CCE5}.Release|Any CPU.ActiveCfg = Release|Any CPU
		{276DF698-6E22-4FF2-BAF1-09BCE205CCE5}.Release|Any CPU.Build.0 = Release|Any CPU
		{276DF698-6E22-4FF2-BAF1-09BCE205CCE5}.Release|ARM.ActiveCfg = Release|Any CPU
		{276DF698-6E22-4FF2-BAF1-09BCE205CCE5}.Release|iPhone.ActiveCfg = Release|Any CPU
		{276DF698-6E22-4FF2-BAF1-09BCE205CCE5}.Release|iPhoneSimulator.ActiveCfg = Release|Any CPU
		{276DF698-6E22-4FF2-BAF1-09BCE205CCE5}.Release|Mixed Platforms.ActiveCfg = Release|Any CPU
		{276DF698-6E22-4FF2-BAF1-09BCE205CCE5}.Release|Mixed Platforms.Build.0 = Release|Any CPU
		{276DF698-6E22-4FF2-BAF1-09BCE205CCE5}.Release|x64.ActiveCfg = Release|Any CPU
		{276DF698-6E22-4FF2-BAF1-09BCE205CCE5}.Release|x86.ActiveCfg = Release|Any CPU
		{6BE6677A-761E-4278-9059-233D775FE347}.Ad-Hoc|Any CPU.ActiveCfg = Release|Any CPU
		{6BE6677A-761E-4278-9059-233D775FE347}.Ad-Hoc|Any CPU.Build.0 = Release|Any CPU
		{6BE6677A-761E-4278-9059-233D775FE347}.Ad-Hoc|ARM.ActiveCfg = Release|Any CPU
		{6BE6677A-761E-4278-9059-233D775FE347}.Ad-Hoc|iPhone.ActiveCfg = Release|Any CPU
		{6BE6677A-761E-4278-9059-233D775FE347}.Ad-Hoc|iPhoneSimulator.ActiveCfg = Release|Any CPU
		{6BE6677A-761E-4278-9059-233D775FE347}.Ad-Hoc|Mixed Platforms.ActiveCfg = Release|Any CPU
		{6BE6677A-761E-4278-9059-233D775FE347}.Ad-Hoc|Mixed Platforms.Build.0 = Release|Any CPU
		{6BE6677A-761E-4278-9059-233D775FE347}.Ad-Hoc|x64.ActiveCfg = Release|Any CPU
		{6BE6677A-761E-4278-9059-233D775FE347}.Ad-Hoc|x86.ActiveCfg = Release|Any CPU
		{6BE6677A-761E-4278-9059-233D775FE347}.AppStore|Any CPU.ActiveCfg = Release|Any CPU
		{6BE6677A-761E-4278-9059-233D775FE347}.AppStore|Any CPU.Build.0 = Release|Any CPU
		{6BE6677A-761E-4278-9059-233D775FE347}.AppStore|ARM.ActiveCfg = Release|Any CPU
		{6BE6677A-761E-4278-9059-233D775FE347}.AppStore|iPhone.ActiveCfg = Release|Any CPU
		{6BE6677A-761E-4278-9059-233D775FE347}.AppStore|iPhoneSimulator.ActiveCfg = Release|Any CPU
		{6BE6677A-761E-4278-9059-233D775FE347}.AppStore|Mixed Platforms.ActiveCfg = Release|Any CPU
		{6BE6677A-761E-4278-9059-233D775FE347}.AppStore|Mixed Platforms.Build.0 = Release|Any CPU
		{6BE6677A-761E-4278-9059-233D775FE347}.AppStore|x64.ActiveCfg = Release|Any CPU
		{6BE6677A-761E-4278-9059-233D775FE347}.AppStore|x86.ActiveCfg = Release|Any CPU
		{6BE6677A-761E-4278-9059-233D775FE347}.Debug|Any CPU.ActiveCfg = Debug|Any CPU
		{6BE6677A-761E-4278-9059-233D775FE347}.Debug|Any CPU.Build.0 = Debug|Any CPU
		{6BE6677A-761E-4278-9059-233D775FE347}.Debug|ARM.ActiveCfg = Debug|Any CPU
		{6BE6677A-761E-4278-9059-233D775FE347}.Debug|iPhone.ActiveCfg = Debug|Any CPU
		{6BE6677A-761E-4278-9059-233D775FE347}.Debug|iPhoneSimulator.ActiveCfg = Debug|Any CPU
		{6BE6677A-761E-4278-9059-233D775FE347}.Debug|Mixed Platforms.ActiveCfg = Debug|Any CPU
		{6BE6677A-761E-4278-9059-233D775FE347}.Debug|Mixed Platforms.Build.0 = Debug|Any CPU
		{6BE6677A-761E-4278-9059-233D775FE347}.Debug|x64.ActiveCfg = Debug|Any CPU
		{6BE6677A-761E-4278-9059-233D775FE347}.Debug|x86.ActiveCfg = Debug|Any CPU
		{6BE6677A-761E-4278-9059-233D775FE347}.Release|Any CPU.ActiveCfg = Release|Any CPU
		{6BE6677A-761E-4278-9059-233D775FE347}.Release|Any CPU.Build.0 = Release|Any CPU
		{6BE6677A-761E-4278-9059-233D775FE347}.Release|ARM.ActiveCfg = Release|Any CPU
		{6BE6677A-761E-4278-9059-233D775FE347}.Release|iPhone.ActiveCfg = Release|Any CPU
		{6BE6677A-761E-4278-9059-233D775FE347}.Release|iPhoneSimulator.ActiveCfg = Release|Any CPU
		{6BE6677A-761E-4278-9059-233D775FE347}.Release|Mixed Platforms.ActiveCfg = Release|Any CPU
		{6BE6677A-761E-4278-9059-233D775FE347}.Release|Mixed Platforms.Build.0 = Release|Any CPU
		{6BE6677A-761E-4278-9059-233D775FE347}.Release|x64.ActiveCfg = Release|Any CPU
		{6BE6677A-761E-4278-9059-233D775FE347}.Release|x86.ActiveCfg = Release|Any CPU
		{6E44E884-4949-4330-98B8-A919F814123E}.Ad-Hoc|Any CPU.ActiveCfg = Debug|Any CPU
		{6E44E884-4949-4330-98B8-A919F814123E}.Ad-Hoc|Any CPU.Build.0 = Debug|Any CPU
		{6E44E884-4949-4330-98B8-A919F814123E}.Ad-Hoc|ARM.ActiveCfg = Debug|Any CPU
		{6E44E884-4949-4330-98B8-A919F814123E}.Ad-Hoc|ARM.Build.0 = Debug|Any CPU
		{6E44E884-4949-4330-98B8-A919F814123E}.Ad-Hoc|iPhone.ActiveCfg = Debug|Any CPU
		{6E44E884-4949-4330-98B8-A919F814123E}.Ad-Hoc|iPhone.Build.0 = Debug|Any CPU
		{6E44E884-4949-4330-98B8-A919F814123E}.Ad-Hoc|iPhoneSimulator.ActiveCfg = Debug|Any CPU
		{6E44E884-4949-4330-98B8-A919F814123E}.Ad-Hoc|iPhoneSimulator.Build.0 = Debug|Any CPU
		{6E44E884-4949-4330-98B8-A919F814123E}.Ad-Hoc|Mixed Platforms.ActiveCfg = Debug|Any CPU
		{6E44E884-4949-4330-98B8-A919F814123E}.Ad-Hoc|Mixed Platforms.Build.0 = Debug|Any CPU
		{6E44E884-4949-4330-98B8-A919F814123E}.Ad-Hoc|x64.ActiveCfg = Debug|Any CPU
		{6E44E884-4949-4330-98B8-A919F814123E}.Ad-Hoc|x64.Build.0 = Debug|Any CPU
		{6E44E884-4949-4330-98B8-A919F814123E}.Ad-Hoc|x86.ActiveCfg = Debug|Any CPU
		{6E44E884-4949-4330-98B8-A919F814123E}.Ad-Hoc|x86.Build.0 = Debug|Any CPU
		{6E44E884-4949-4330-98B8-A919F814123E}.AppStore|Any CPU.ActiveCfg = Debug|Any CPU
		{6E44E884-4949-4330-98B8-A919F814123E}.AppStore|Any CPU.Build.0 = Debug|Any CPU
		{6E44E884-4949-4330-98B8-A919F814123E}.AppStore|ARM.ActiveCfg = Debug|Any CPU
		{6E44E884-4949-4330-98B8-A919F814123E}.AppStore|ARM.Build.0 = Debug|Any CPU
		{6E44E884-4949-4330-98B8-A919F814123E}.AppStore|iPhone.ActiveCfg = Debug|Any CPU
		{6E44E884-4949-4330-98B8-A919F814123E}.AppStore|iPhone.Build.0 = Debug|Any CPU
		{6E44E884-4949-4330-98B8-A919F814123E}.AppStore|iPhoneSimulator.ActiveCfg = Debug|Any CPU
		{6E44E884-4949-4330-98B8-A919F814123E}.AppStore|iPhoneSimulator.Build.0 = Debug|Any CPU
		{6E44E884-4949-4330-98B8-A919F814123E}.AppStore|Mixed Platforms.ActiveCfg = Debug|Any CPU
		{6E44E884-4949-4330-98B8-A919F814123E}.AppStore|Mixed Platforms.Build.0 = Debug|Any CPU
		{6E44E884-4949-4330-98B8-A919F814123E}.AppStore|x64.ActiveCfg = Debug|Any CPU
		{6E44E884-4949-4330-98B8-A919F814123E}.AppStore|x64.Build.0 = Debug|Any CPU
		{6E44E884-4949-4330-98B8-A919F814123E}.AppStore|x86.ActiveCfg = Debug|Any CPU
		{6E44E884-4949-4330-98B8-A919F814123E}.AppStore|x86.Build.0 = Debug|Any CPU
		{6E44E884-4949-4330-98B8-A919F814123E}.Debug|Any CPU.ActiveCfg = Debug|Any CPU
		{6E44E884-4949-4330-98B8-A919F814123E}.Debug|Any CPU.Build.0 = Debug|Any CPU
		{6E44E884-4949-4330-98B8-A919F814123E}.Debug|ARM.ActiveCfg = Debug|Any CPU
		{6E44E884-4949-4330-98B8-A919F814123E}.Debug|ARM.Build.0 = Debug|Any CPU
		{6E44E884-4949-4330-98B8-A919F814123E}.Debug|iPhone.ActiveCfg = Debug|Any CPU
		{6E44E884-4949-4330-98B8-A919F814123E}.Debug|iPhone.Build.0 = Debug|Any CPU
		{6E44E884-4949-4330-98B8-A919F814123E}.Debug|iPhoneSimulator.ActiveCfg = Debug|Any CPU
		{6E44E884-4949-4330-98B8-A919F814123E}.Debug|iPhoneSimulator.Build.0 = Debug|Any CPU
		{6E44E884-4949-4330-98B8-A919F814123E}.Debug|Mixed Platforms.ActiveCfg = Debug|Any CPU
		{6E44E884-4949-4330-98B8-A919F814123E}.Debug|Mixed Platforms.Build.0 = Debug|Any CPU
		{6E44E884-4949-4330-98B8-A919F814123E}.Debug|x64.ActiveCfg = Debug|Any CPU
		{6E44E884-4949-4330-98B8-A919F814123E}.Debug|x64.Build.0 = Debug|Any CPU
		{6E44E884-4949-4330-98B8-A919F814123E}.Debug|x86.ActiveCfg = Debug|Any CPU
		{6E44E884-4949-4330-98B8-A919F814123E}.Debug|x86.Build.0 = Debug|Any CPU
		{6E44E884-4949-4330-98B8-A919F814123E}.Release|Any CPU.ActiveCfg = Release|Any CPU
		{6E44E884-4949-4330-98B8-A919F814123E}.Release|Any CPU.Build.0 = Release|Any CPU
		{6E44E884-4949-4330-98B8-A919F814123E}.Release|ARM.ActiveCfg = Release|Any CPU
		{6E44E884-4949-4330-98B8-A919F814123E}.Release|ARM.Build.0 = Release|Any CPU
		{6E44E884-4949-4330-98B8-A919F814123E}.Release|iPhone.ActiveCfg = Release|Any CPU
		{6E44E884-4949-4330-98B8-A919F814123E}.Release|iPhone.Build.0 = Release|Any CPU
		{6E44E884-4949-4330-98B8-A919F814123E}.Release|iPhoneSimulator.ActiveCfg = Release|Any CPU
		{6E44E884-4949-4330-98B8-A919F814123E}.Release|iPhoneSimulator.Build.0 = Release|Any CPU
		{6E44E884-4949-4330-98B8-A919F814123E}.Release|Mixed Platforms.ActiveCfg = Release|Any CPU
		{6E44E884-4949-4330-98B8-A919F814123E}.Release|Mixed Platforms.Build.0 = Release|Any CPU
		{6E44E884-4949-4330-98B8-A919F814123E}.Release|x64.ActiveCfg = Release|Any CPU
		{6E44E884-4949-4330-98B8-A919F814123E}.Release|x64.Build.0 = Release|Any CPU
		{6E44E884-4949-4330-98B8-A919F814123E}.Release|x86.ActiveCfg = Release|Any CPU
		{6E44E884-4949-4330-98B8-A919F814123E}.Release|x86.Build.0 = Release|Any CPU
		{6634ED28-919A-46A3-8FD2-E92366FDFA8A}.Ad-Hoc|Any CPU.ActiveCfg = Release|Any CPU
		{6634ED28-919A-46A3-8FD2-E92366FDFA8A}.Ad-Hoc|Any CPU.Build.0 = Release|Any CPU
		{6634ED28-919A-46A3-8FD2-E92366FDFA8A}.Ad-Hoc|ARM.ActiveCfg = Release|Any CPU
		{6634ED28-919A-46A3-8FD2-E92366FDFA8A}.Ad-Hoc|ARM.Build.0 = Release|Any CPU
		{6634ED28-919A-46A3-8FD2-E92366FDFA8A}.Ad-Hoc|iPhone.ActiveCfg = Release|Any CPU
		{6634ED28-919A-46A3-8FD2-E92366FDFA8A}.Ad-Hoc|iPhone.Build.0 = Release|Any CPU
		{6634ED28-919A-46A3-8FD2-E92366FDFA8A}.Ad-Hoc|iPhoneSimulator.ActiveCfg = Release|Any CPU
		{6634ED28-919A-46A3-8FD2-E92366FDFA8A}.Ad-Hoc|iPhoneSimulator.Build.0 = Release|Any CPU
		{6634ED28-919A-46A3-8FD2-E92366FDFA8A}.Ad-Hoc|Mixed Platforms.ActiveCfg = Release|Any CPU
		{6634ED28-919A-46A3-8FD2-E92366FDFA8A}.Ad-Hoc|Mixed Platforms.Build.0 = Release|Any CPU
		{6634ED28-919A-46A3-8FD2-E92366FDFA8A}.Ad-Hoc|x64.ActiveCfg = Release|Any CPU
		{6634ED28-919A-46A3-8FD2-E92366FDFA8A}.Ad-Hoc|x64.Build.0 = Release|Any CPU
		{6634ED28-919A-46A3-8FD2-E92366FDFA8A}.Ad-Hoc|x86.ActiveCfg = Release|Any CPU
		{6634ED28-919A-46A3-8FD2-E92366FDFA8A}.Ad-Hoc|x86.Build.0 = Release|Any CPU
		{6634ED28-919A-46A3-8FD2-E92366FDFA8A}.AppStore|Any CPU.ActiveCfg = Release|Any CPU
		{6634ED28-919A-46A3-8FD2-E92366FDFA8A}.AppStore|Any CPU.Build.0 = Release|Any CPU
		{6634ED28-919A-46A3-8FD2-E92366FDFA8A}.AppStore|ARM.ActiveCfg = Release|Any CPU
		{6634ED28-919A-46A3-8FD2-E92366FDFA8A}.AppStore|ARM.Build.0 = Release|Any CPU
		{6634ED28-919A-46A3-8FD2-E92366FDFA8A}.AppStore|iPhone.ActiveCfg = Release|Any CPU
		{6634ED28-919A-46A3-8FD2-E92366FDFA8A}.AppStore|iPhone.Build.0 = Release|Any CPU
		{6634ED28-919A-46A3-8FD2-E92366FDFA8A}.AppStore|iPhoneSimulator.ActiveCfg = Release|Any CPU
		{6634ED28-919A-46A3-8FD2-E92366FDFA8A}.AppStore|iPhoneSimulator.Build.0 = Release|Any CPU
		{6634ED28-919A-46A3-8FD2-E92366FDFA8A}.AppStore|Mixed Platforms.ActiveCfg = Release|Any CPU
		{6634ED28-919A-46A3-8FD2-E92366FDFA8A}.AppStore|Mixed Platforms.Build.0 = Release|Any CPU
		{6634ED28-919A-46A3-8FD2-E92366FDFA8A}.AppStore|x64.ActiveCfg = Release|Any CPU
		{6634ED28-919A-46A3-8FD2-E92366FDFA8A}.AppStore|x64.Build.0 = Release|Any CPU
		{6634ED28-919A-46A3-8FD2-E92366FDFA8A}.AppStore|x86.ActiveCfg = Release|Any CPU
		{6634ED28-919A-46A3-8FD2-E92366FDFA8A}.AppStore|x86.Build.0 = Release|Any CPU
		{6634ED28-919A-46A3-8FD2-E92366FDFA8A}.Debug|Any CPU.ActiveCfg = Debug|Any CPU
		{6634ED28-919A-46A3-8FD2-E92366FDFA8A}.Debug|Any CPU.Build.0 = Debug|Any CPU
		{6634ED28-919A-46A3-8FD2-E92366FDFA8A}.Debug|ARM.ActiveCfg = Debug|Any CPU
		{6634ED28-919A-46A3-8FD2-E92366FDFA8A}.Debug|ARM.Build.0 = Debug|Any CPU
		{6634ED28-919A-46A3-8FD2-E92366FDFA8A}.Debug|iPhone.ActiveCfg = Debug|Any CPU
		{6634ED28-919A-46A3-8FD2-E92366FDFA8A}.Debug|iPhone.Build.0 = Debug|Any CPU
		{6634ED28-919A-46A3-8FD2-E92366FDFA8A}.Debug|iPhoneSimulator.ActiveCfg = Debug|Any CPU
		{6634ED28-919A-46A3-8FD2-E92366FDFA8A}.Debug|iPhoneSimulator.Build.0 = Debug|Any CPU
		{6634ED28-919A-46A3-8FD2-E92366FDFA8A}.Debug|Mixed Platforms.ActiveCfg = Debug|Any CPU
		{6634ED28-919A-46A3-8FD2-E92366FDFA8A}.Debug|Mixed Platforms.Build.0 = Debug|Any CPU
		{6634ED28-919A-46A3-8FD2-E92366FDFA8A}.Debug|x64.ActiveCfg = Debug|Any CPU
		{6634ED28-919A-46A3-8FD2-E92366FDFA8A}.Debug|x64.Build.0 = Debug|Any CPU
		{6634ED28-919A-46A3-8FD2-E92366FDFA8A}.Debug|x86.ActiveCfg = Debug|Any CPU
		{6634ED28-919A-46A3-8FD2-E92366FDFA8A}.Debug|x86.Build.0 = Debug|Any CPU
		{6634ED28-919A-46A3-8FD2-E92366FDFA8A}.Release|Any CPU.ActiveCfg = Release|Any CPU
		{6634ED28-919A-46A3-8FD2-E92366FDFA8A}.Release|Any CPU.Build.0 = Release|Any CPU
		{6634ED28-919A-46A3-8FD2-E92366FDFA8A}.Release|ARM.ActiveCfg = Release|Any CPU
		{6634ED28-919A-46A3-8FD2-E92366FDFA8A}.Release|ARM.Build.0 = Release|Any CPU
		{6634ED28-919A-46A3-8FD2-E92366FDFA8A}.Release|iPhone.ActiveCfg = Release|Any CPU
		{6634ED28-919A-46A3-8FD2-E92366FDFA8A}.Release|iPhone.Build.0 = Release|Any CPU
		{6634ED28-919A-46A3-8FD2-E92366FDFA8A}.Release|iPhoneSimulator.ActiveCfg = Release|Any CPU
		{6634ED28-919A-46A3-8FD2-E92366FDFA8A}.Release|iPhoneSimulator.Build.0 = Release|Any CPU
		{6634ED28-919A-46A3-8FD2-E92366FDFA8A}.Release|Mixed Platforms.ActiveCfg = Release|Any CPU
		{6634ED28-919A-46A3-8FD2-E92366FDFA8A}.Release|Mixed Platforms.Build.0 = Release|Any CPU
		{6634ED28-919A-46A3-8FD2-E92366FDFA8A}.Release|x64.ActiveCfg = Release|Any CPU
		{6634ED28-919A-46A3-8FD2-E92366FDFA8A}.Release|x64.Build.0 = Release|Any CPU
		{6634ED28-919A-46A3-8FD2-E92366FDFA8A}.Release|x86.ActiveCfg = Release|Any CPU
		{6634ED28-919A-46A3-8FD2-E92366FDFA8A}.Release|x86.Build.0 = Release|Any CPU
	EndGlobalSection
	GlobalSection(SolutionProperties) = preSolution
		HideSolutionNode = FALSE
	EndGlobalSection
	GlobalSection(NestedProjects) = preSolution
		{2A909E4D-6493-4D36-9FDE-786B89F9A387} = {78D04AF9-B9B4-4025-93C6-B3DB01EDAAE9}
		{14436AD5-8995-406A-8468-F0B4DE53DFDB} = {78D04AF9-B9B4-4025-93C6-B3DB01EDAAE9}
		{276DF698-6E22-4FF2-BAF1-09BCE205CCE5} = {78D04AF9-B9B4-4025-93C6-B3DB01EDAAE9}
		{6BE6677A-761E-4278-9059-233D775FE347} = {78D04AF9-B9B4-4025-93C6-B3DB01EDAAE9}
		{6E44E884-4949-4330-98B8-A919F814123E} = {78D04AF9-B9B4-4025-93C6-B3DB01EDAAE9}
	EndGlobalSection
	GlobalSection(ExtensibilityGlobals) = postSolution
		SolutionGuid = {EB40442F-5889-4697-BEA4-39E42E12EBCB}
	EndGlobalSection
EndGlobal
